// !$*UTF8*$!
{
	archiveVersion = 1;
	classes = {
	};
	objectVersion = 46;
	objects = {

/* Begin PBXBuildFile section */
		13DBDA741EB436F000C33E0C /* AppDelegate.swift in Sources */ = {isa = PBXBuildFile; fileRef = 13DBDA731EB436F000C33E0C /* AppDelegate.swift */; };
		13DBDA761EB436F000C33E0C /* ViewController.swift in Sources */ = {isa = PBXBuildFile; fileRef = 13DBDA751EB436F000C33E0C /* ViewController.swift */; };
		13DBDA781EB436F000C33E0C /* Assets.xcassets in Resources */ = {isa = PBXBuildFile; fileRef = 13DBDA771EB436F000C33E0C /* Assets.xcassets */; };
		13DBDA7B1EB436F000C33E0C /* Main.storyboard in Resources */ = {isa = PBXBuildFile; fileRef = 13DBDA791EB436F000C33E0C /* Main.storyboard */; };
		BAD25D5F5CF3A54EF2E9E8A5 /* Pods_Slackdeck.framework in Frameworks */ = {isa = PBXBuildFile; fileRef = 6D582C90F4F5B13CE5A5A5CE /* Pods_Slackdeck.framework */; };
/* End PBXBuildFile section */

/* Begin PBXFileReference section */
		13DBDA701EB436F000C33E0C /* Slackdeck.app */ = {isa = PBXFileReference; explicitFileType = wrapper.application; includeInIndex = 0; path = Slackdeck.app; sourceTree = BUILT_PRODUCTS_DIR; };
		13DBDA731EB436F000C33E0C /* AppDelegate.swift */ = {isa = PBXFileReference; lastKnownFileType = sourcecode.swift; path = AppDelegate.swift; sourceTree = "<group>"; };
		13DBDA751EB436F000C33E0C /* ViewController.swift */ = {isa = PBXFileReference; lastKnownFileType = sourcecode.swift; path = ViewController.swift; sourceTree = "<group>"; };
		13DBDA771EB436F000C33E0C /* Assets.xcassets */ = {isa = PBXFileReference; lastKnownFileType = folder.assetcatalog; path = Assets.xcassets; sourceTree = "<group>"; };
		13DBDA7A1EB436F000C33E0C /* Base */ = {isa = PBXFileReference; lastKnownFileType = file.storyboard; name = Base; path = Base.lproj/Main.storyboard; sourceTree = "<group>"; };
		13DBDA7C1EB436F000C33E0C /* Info.plist */ = {isa = PBXFileReference; lastKnownFileType = text.plist.xml; path = Info.plist; sourceTree = "<group>"; };
		6D582C90F4F5B13CE5A5A5CE /* Pods_Slackdeck.framework */ = {isa = PBXFileReference; explicitFileType = wrapper.framework; includeInIndex = 0; path = Pods_Slackdeck.framework; sourceTree = BUILT_PRODUCTS_DIR; };
		EF8AB763F5A90D56DD48090D /* Pods-Slackdeck.release.xcconfig */ = {isa = PBXFileReference; includeInIndex = 1; lastKnownFileType = text.xcconfig; name = "Pods-Slackdeck.release.xcconfig"; path = "Pods/Target Support Files/Pods-Slackdeck/Pods-Slackdeck.release.xcconfig"; sourceTree = "<group>"; };
		FFCE8B56998173B74A86F5AC /* Pods-Slackdeck.debug.xcconfig */ = {isa = PBXFileReference; includeInIndex = 1; lastKnownFileType = text.xcconfig; name = "Pods-Slackdeck.debug.xcconfig"; path = "Pods/Target Support Files/Pods-Slackdeck/Pods-Slackdeck.debug.xcconfig"; sourceTree = "<group>"; };
/* End PBXFileReference section */

/* Begin PBXFrameworksBuildPhase section */
		13DBDA6D1EB436F000C33E0C /* Frameworks */ = {
			isa = PBXFrameworksBuildPhase;
			buildActionMask = 2147483647;
			files = (
				BAD25D5F5CF3A54EF2E9E8A5 /* Pods_Slackdeck.framework in Frameworks */,
			);
			runOnlyForDeploymentPostprocessing = 0;
		};
/* End PBXFrameworksBuildPhase section */

/* Begin PBXGroup section */
		13DBDA671EB436F000C33E0C = {
			isa = PBXGroup;
			children = (
				13DBDA721EB436F000C33E0C /* Slackdeck */,
				13DBDA711EB436F000C33E0C /* Products */,
				803C2E2883F0846BABD3B414 /* Pods */,
				D2D9C3B70DC84AA1437FD667 /* Frameworks */,
			);
			sourceTree = "<group>";
		};
		13DBDA711EB436F000C33E0C /* Products */ = {
			isa = PBXGroup;
			children = (
				13DBDA701EB436F000C33E0C /* Slackdeck.app */,
			);
			name = Products;
			sourceTree = "<group>";
		};
		13DBDA721EB436F000C33E0C /* Slackdeck */ = {
			isa = PBXGroup;
			children = (
				13DBDA731EB436F000C33E0C /* AppDelegate.swift */,
				13DBDA751EB436F000C33E0C /* ViewController.swift */,
				13DBDA771EB436F000C33E0C /* Assets.xcassets */,
				13DBDA791EB436F000C33E0C /* Main.storyboard */,
				13DBDA7C1EB436F000C33E0C /* Info.plist */,
			);
			path = Slackdeck;
			sourceTree = "<group>";
		};
		803C2E2883F0846BABD3B414 /* Pods */ = {
			isa = PBXGroup;
			children = (
				FFCE8B56998173B74A86F5AC /* Pods-Slackdeck.debug.xcconfig */,
				EF8AB763F5A90D56DD48090D /* Pods-Slackdeck.release.xcconfig */,
			);
			name = Pods;
			sourceTree = "<group>";
		};
		D2D9C3B70DC84AA1437FD667 /* Frameworks */ = {
			isa = PBXGroup;
			children = (
				6D582C90F4F5B13CE5A5A5CE /* Pods_Slackdeck.framework */,
			);
			name = Frameworks;
			sourceTree = "<group>";
		};
/* End PBXGroup section */

/* Begin PBXNativeTarget section */
		13DBDA6F1EB436F000C33E0C /* Slackdeck */ = {
			isa = PBXNativeTarget;
			buildConfigurationList = 13DBDA7F1EB436F000C33E0C /* Build configuration list for PBXNativeTarget "Slackdeck" */;
			buildPhases = (
				11BD8E170D9B9EE849AD9196 /* [CP] Check Pods Manifest.lock */,
				13DBDA6C1EB436F000C33E0C /* Sources */,
				13DBDA6D1EB436F000C33E0C /* Frameworks */,
				13DBDA6E1EB436F000C33E0C /* Resources */,
				4C57D97B5CD262C450884428 /* [CP] Embed Pods Frameworks */,
				C4376F8EAE22AB1BEAC7649B /* [CP] Copy Pods Resources */,
			);
			buildRules = (
			);
			dependencies = (
			);
			name = Slackdeck;
			productName = Slackdeck;
			productReference = 13DBDA701EB436F000C33E0C /* Slackdeck.app */;
			productType = "com.apple.product-type.application";
		};
/* End PBXNativeTarget section */

/* Begin PBXProject section */
		13DBDA681EB436F000C33E0C /* Project object */ = {
			isa = PBXProject;
			attributes = {
				LastSwiftUpdateCheck = 0830;
				LastUpgradeCheck = 0830;
				ORGANIZATIONNAME = mzp;
				TargetAttributes = {
					13DBDA6F1EB436F000C33E0C = {
						CreatedOnToolsVersion = 8.3.2;
						DevelopmentTeam = VG2YYSKSHY;
						ProvisioningStyle = Automatic;
					};
				};
			};
			buildConfigurationList = 13DBDA6B1EB436F000C33E0C /* Build configuration list for PBXProject "Slackdeck" */;
			compatibilityVersion = "Xcode 3.2";
			developmentRegion = English;
			hasScannedForEncodings = 0;
			knownRegions = (
				en,
				Base,
			);
			mainGroup = 13DBDA671EB436F000C33E0C;
			productRefGroup = 13DBDA711EB436F000C33E0C /* Products */;
			projectDirPath = "";
			projectRoot = "";
			targets = (
				13DBDA6F1EB436F000C33E0C /* Slackdeck */,
			);
		};
/* End PBXProject section */

/* Begin PBXResourcesBuildPhase section */
		13DBDA6E1EB436F000C33E0C /* Resources */ = {
			isa = PBXResourcesBuildPhase;
			buildActionMask = 2147483647;
			files = (
				13DBDA781EB436F000C33E0C /* Assets.xcassets in Resources */,
				13DBDA7B1EB436F000C33E0C /* Main.storyboard in Resources */,
			);
			runOnlyForDeploymentPostprocessing = 0;
		};
/* End PBXResourcesBuildPhase section */

/* Begin PBXShellScriptBuildPhase section */
		11BD8E170D9B9EE849AD9196 /* [CP] Check Pods Manifest.lock */ = {
			isa = PBXShellScriptBuildPhase;
			buildActionMask = 2147483647;
			files = (
			);
			inputPaths = (
			);
			name = "[CP] Check Pods Manifest.lock";
			outputPaths = (
			);
			runOnlyForDeploymentPostprocessing = 0;
			shellPath = /bin/sh;
			shellScript = "diff \"${PODS_PODFILE_DIR_PATH}/Podfile.lock\" \"${PODS_ROOT}/Manifest.lock\" > /dev/null\nif [ $? != 0 ] ; then\n    # print error to STDERR\n    echo \"error: The sandbox is not in sync with the Podfile.lock. Run 'pod install' or update your CocoaPods installation.\" >&2\n    exit 1\nfi\n";
			showEnvVarsInLog = 0;
		};
		4C57D97B5CD262C450884428 /* [CP] Embed Pods Frameworks */ = {
			isa = PBXShellScriptBuildPhase;
			buildActionMask = 2147483647;
			files = (
			);
			inputPaths = (
			);
			name = "[CP] Embed Pods Frameworks";
			outputPaths = (
			);
			runOnlyForDeploymentPostprocessing = 0;
			shellPath = /bin/sh;
			shellScript = "\"${SRCROOT}/Pods/Target Support Files/Pods-Slackdeck/Pods-Slackdeck-frameworks.sh\"\n";
			showEnvVarsInLog = 0;
		};
		C4376F8EAE22AB1BEAC7649B /* [CP] Copy Pods Resources */ = {
			isa = PBXShellScriptBuildPhase;
			buildActionMask = 2147483647;
			files = (
			);
			inputPaths = (
			);
			name = "[CP] Copy Pods Resources";
			outputPaths = (
			);
			runOnlyForDeploymentPostprocessing = 0;
			shellPath = /bin/sh;
			shellScript = "\"${SRCROOT}/Pods/Target Support Files/Pods-Slackdeck/Pods-Slackdeck-resources.sh\"\n";
			showEnvVarsInLog = 0;
		};
/* End PBXShellScriptBuildPhase section */

/* Begin PBXSourcesBuildPhase section */
		13DBDA6C1EB436F000C33E0C /* Sources */ = {
			isa = PBXSourcesBuildPhase;
			buildActionMask = 2147483647;
			files = (
				13DBDA761EB436F000C33E0C /* ViewController.swift in Sources */,
				13DBDA741EB436F000C33E0C /* AppDelegate.swift in Sources */,
			);
			runOnlyForDeploymentPostprocessing = 0;
		};
/* End PBXSourcesBuildPhase section */

/* Begin PBXVariantGroup section */
		13DBDA791EB436F000C33E0C /* Main.storyboard */ = {
			isa = PBXVariantGroup;
			children = (
				13DBDA7A1EB436F000C33E0C /* Base */,
			);
			name = Main.storyboard;
			sourceTree = "<group>";
		};
/* End PBXVariantGroup section */

/* Begin XCBuildConfiguration section */
		13DBDA7D1EB436F000C33E0C /* Debug */ = {
			isa = XCBuildConfiguration;
			buildSettings = {
				ALWAYS_SEARCH_USER_PATHS = NO;
				CLANG_ANALYZER_NONNULL = YES;
				CLANG_ANALYZER_NUMBER_OBJECT_CONVERSION = YES_AGGRESSIVE;
				CLANG_CXX_LANGUAGE_STANDARD = "gnu++0x";
				CLANG_CXX_LIBRARY = "libc++";
				CLANG_ENABLE_MODULES = YES;
				CLANG_ENABLE_OBJC_ARC = YES;
				CLANG_WARN_BOOL_CONVERSION = YES;
				CLANG_WARN_CONSTANT_CONVERSION = YES;
				CLANG_WARN_DIRECT_OBJC_ISA_USAGE = YES_ERROR;
				CLANG_WARN_DOCUMENTATION_COMMENTS = YES;
				CLANG_WARN_EMPTY_BODY = YES;
				CLANG_WARN_ENUM_CONVERSION = YES;
				CLANG_WARN_INFINITE_RECURSION = YES;
				CLANG_WARN_INT_CONVERSION = YES;
				CLANG_WARN_OBJC_ROOT_CLASS = YES_ERROR;
				CLANG_WARN_SUSPICIOUS_MOVE = YES;
				CLANG_WARN_UNREACHABLE_CODE = YES;
				CLANG_WARN__DUPLICATE_METHOD_MATCH = YES;
				CODE_SIGN_IDENTITY = "-";
				COPY_PHASE_STRIP = NO;
				DEBUG_INFORMATION_FORMAT = dwarf;
				ENABLE_STRICT_OBJC_MSGSEND = YES;
				ENABLE_TESTABILITY = YES;
				GCC_C_LANGUAGE_STANDARD = gnu99;
				GCC_DYNAMIC_NO_PIC = NO;
				GCC_NO_COMMON_BLOCKS = YES;
				GCC_OPTIMIZATION_LEVEL = 0;
				GCC_PREPROCESSOR_DEFINITIONS = (
					"DEBUG=1",
					"$(inherited)",
				);
				GCC_WARN_64_TO_32_BIT_CONVERSION = YES;
				GCC_WARN_ABOUT_RETURN_TYPE = YES_ERROR;
				GCC_WARN_UNDECLARED_SELECTOR = YES;
				GCC_WARN_UNINITIALIZED_AUTOS = YES_AGGRESSIVE;
				GCC_WARN_UNUSED_FUNCTION = YES;
				GCC_WARN_UNUSED_VARIABLE = YES;
				MACOSX_DEPLOYMENT_TARGET = 10.12;
				MTL_ENABLE_DEBUG_INFO = YES;
				ONLY_ACTIVE_ARCH = YES;
				SDKROOT = macosx;
				SWIFT_ACTIVE_COMPILATION_CONDITIONS = DEBUG;
				SWIFT_OPTIMIZATION_LEVEL = "-Onone";
			};
			name = Debug;
		};
		13DBDA7E1EB436F000C33E0C /* Release */ = {
			isa = XCBuildConfiguration;
			buildSettings = {
				ALWAYS_SEARCH_USER_PATHS = NO;
				CLANG_ANALYZER_NONNULL = YES;
				CLANG_ANALYZER_NUMBER_OBJECT_CONVERSION = YES_AGGRESSIVE;
				CLANG_CXX_LANGUAGE_STANDARD = "gnu++0x";
				CLANG_CXX_LIBRARY = "libc++";
				CLANG_ENABLE_MODULES = YES;
				CLANG_ENABLE_OBJC_ARC = YES;
				CLANG_WARN_BOOL_CONVERSION = YES;
				CLANG_WARN_CONSTANT_CONVERSION = YES;
				CLANG_WARN_DIRECT_OBJC_ISA_USAGE = YES_ERROR;
				CLANG_WARN_DOCUMENTATION_COMMENTS = YES;
				CLANG_WARN_EMPTY_BODY = YES;
				CLANG_WARN_ENUM_CONVERSION = YES;
				CLANG_WARN_INFINITE_RECURSION = YES;
				CLANG_WARN_INT_CONVERSION = YES;
				CLANG_WARN_OBJC_ROOT_CLASS = YES_ERROR;
				CLANG_WARN_SUSPICIOUS_MOVE = YES;
				CLANG_WARN_UNREACHABLE_CODE = YES;
				CLANG_WARN__DUPLICATE_METHOD_MATCH = YES;
				CODE_SIGN_IDENTITY = "-";
				COPY_PHASE_STRIP = NO;
				DEBUG_INFORMATION_FORMAT = "dwarf-with-dsym";
				ENABLE_NS_ASSERTIONS = NO;
				ENABLE_STRICT_OBJC_MSGSEND = YES;
				GCC_C_LANGUAGE_STANDARD = gnu99;
				GCC_NO_COMMON_BLOCKS = YES;
				GCC_WARN_64_TO_32_BIT_CONVERSION = YES;
				GCC_WARN_ABOUT_RETURN_TYPE = YES_ERROR;
				GCC_WARN_UNDECLARED_SELECTOR = YES;
				GCC_WARN_UNINITIALIZED_AUTOS = YES_AGGRESSIVE;
				GCC_WARN_UNUSED_FUNCTION = YES;
				GCC_WARN_UNUSED_VARIABLE = YES;
				MACOSX_DEPLOYMENT_TARGET = 10.12;
				MTL_ENABLE_DEBUG_INFO = NO;
				SDKROOT = macosx;
				SWIFT_OPTIMIZATION_LEVEL = "-Owholemodule";
			};
			name = Release;
		};
		13DBDA801EB436F000C33E0C /* Debug */ = {
			isa = XCBuildConfiguration;
			baseConfigurationReference = FFCE8B56998173B74A86F5AC /* Pods-Slackdeck.debug.xcconfig */;
			buildSettings = {
				ASSETCATALOG_COMPILER_APPICON_NAME = AppIcon;
				COMBINE_HIDPI_IMAGES = YES;
				DEVELOPMENT_TEAM = VG2YYSKSHY;
				INFOPLIST_FILE = Slackdeck/Info.plist;
				LD_RUNPATH_SEARCH_PATHS = "$(inherited) @executable_path/../Frameworks";
				PRODUCT_BUNDLE_IDENTIFIER = jp.mzp.Slackdeck;
				PRODUCT_NAME = "$(TARGET_NAME)";
				SWIFT_VERSION = 3.0;
			};
			name = Debug;
		};
		13DBDA811EB436F000C33E0C /* Release */ = {
			isa = XCBuildConfiguration;
			baseConfigurationReference = EF8AB763F5A90D56DD48090D /* Pods-Slackdeck.release.xcconfig */;
			buildSettings = {
				ASSETCATALOG_COMPILER_APPICON_NAME = AppIcon;
				COMBINE_HIDPI_IMAGES = YES;
				DEVELOPMENT_TEAM = VG2YYSKSHY;
				INFOPLIST_FILE = Slackdeck/Info.plist;
				LD_RUNPATH_SEARCH_PATHS = "$(inherited) @executable_path/../Frameworks";
				PRODUCT_BUNDLE_IDENTIFIER = jp.mzp.Slackdeck;
				PRODUCT_NAME = "$(TARGET_NAME)";
				SWIFT_VERSION = 3.0;
			};
			name = Release;
		};
/* End XCBuildConfiguration section */

/* Begin XCConfigurationList section */
		13DBDA6B1EB436F000C33E0C /* Build configuration list for PBXProject "Slackdeck" */ = {
			isa = XCConfigurationList;
			buildConfigurations = (
				13DBDA7D1EB436F000C33E0C /* Debug */,
				13DBDA7E1EB436F000C33E0C /* Release */,
			);
			defaultConfigurationIsVisible = 0;
			defaultConfigurationName = Release;
		};
		13DBDA7F1EB436F000C33E0C /* Build configuration list for PBXNativeTarget "Slackdeck" */ = {
			isa = XCConfigurationList;
			buildConfigurations = (
				13DBDA801EB436F000C33E0C /* Debug */,
				13DBDA811EB436F000C33E0C /* Release */,
			);
			defaultConfigurationIsVisible = 0;
		};
/* End XCConfigurationList section */
	};
	rootObject = 13DBDA681EB436F000C33E0C /* Project object */;
}
